
Microsoft Visual Studio Solution File, Format Version 12.00
# Visual Studio Version 17
VisualStudioVersion = 17.7.34202.233
MinimumVisualStudioVersion = 10.0.40219.1
Project("{FAE04EC0-301F-11D3-BF4B-00C04F79EFBC}") = "exercicio03", "exercicio03\exercicio03.csproj", "{33069CB6-72AA-43D6-B151-EBF4CFF46BAD}"
EndProject
Global
	GlobalSection(SolutionConfigurationPlatforms) = preSolution
		Debug|Any CPU = Debug|Any CPU
		Release|Any CPU = Release|Any CPU
	EndGlobalSection
	GlobalSection(ProjectConfigurationPlatforms) = postSolution
		{33069CB6-72AA-43D6-B151-EBF4CFF46BAD}.Debug|Any CPU.ActiveCfg = Debug|Any CPU
		{33069CB6-72AA-43D6-B151-EBF4CFF46BAD}.Debug|Any CPU.Build.0 = Debug|Any CPU
		{33069CB6-72AA-43D6-B151-EBF4CFF46BAD}.Release|Any CPU.ActiveCfg = Release|Any CPU
		{33069CB6-72AA-43D6-B151-EBF4CFF46BAD}.Release|Any CPU.Build.0 = Release|Any CPU
	EndGlobalSection
	GlobalSection(SolutionProperties) = preSolution
		HideSolutionNode = FALSE
	EndGlobalSection
	GlobalSection(ExtensibilityGlobals) = postSolution
		SolutionGuid = {DDA85934-85FA-46A2-83B0-8439EC89C92E}
	EndGlobalSection
EndGlobal
