
Microsoft Visual Studio Solution File, Format Version 12.00
# Visual Studio Version 17
VisualStudioVersion = 17.7.34202.233
MinimumVisualStudioVersion = 10.0.40219.1
Project("{9A19103F-16F7-4668-BE54-9A1E7A4F7556}") = "exercicio01", "exercicio01\exercicio01.csproj", "{C07EFA06-1849-47C1-A81C-7E2AB70EF075}"
EndProject
Project("{FAE04EC0-301F-11D3-BF4B-00C04F79EFBC}") = "exercicio2", "..\exercicio2\exercicio2.csproj", "{CD816EBA-2E4A-4EA2-B702-7210C25FF216}"
EndProject
Global
	GlobalSection(SolutionConfigurationPlatforms) = preSolution
		Debug|Any CPU = Debug|Any CPU
		Release|Any CPU = Release|Any CPU
	EndGlobalSection
	GlobalSection(ProjectConfigurationPlatforms) = postSolution
		{C07EFA06-1849-47C1-A81C-7E2AB70EF075}.Debug|Any CPU.ActiveCfg = Debug|Any CPU
		{C07EFA06-1849-47C1-A81C-7E2AB70EF075}.Debug|Any CPU.Build.0 = Debug|Any CPU
		{C07EFA06-1849-47C1-A81C-7E2AB70EF075}.Release|Any CPU.ActiveCfg = Release|Any CPU
		{C07EFA06-1849-47C1-A81C-7E2AB70EF075}.Release|Any CPU.Build.0 = Release|Any CPU
		{CD816EBA-2E4A-4EA2-B702-7210C25FF216}.Debug|Any CPU.ActiveCfg = Debug|Any CPU
		{CD816EBA-2E4A-4EA2-B702-7210C25FF216}.Debug|Any CPU.Build.0 = Debug|Any CPU
		{CD816EBA-2E4A-4EA2-B702-7210C25FF216}.Release|Any CPU.ActiveCfg = Release|Any CPU
		{CD816EBA-2E4A-4EA2-B702-7210C25FF216}.Release|Any CPU.Build.0 = Release|Any CPU
	EndGlobalSection
	GlobalSection(SolutionProperties) = preSolution
		HideSolutionNode = FALSE
	EndGlobalSection
	GlobalSection(ExtensibilityGlobals) = postSolution
		SolutionGuid = {90E21952-1CAA-4D6E-A00C-870FA3B378FA}
	EndGlobalSection
EndGlobal
