
Microsoft Visual Studio Solution File, Format Version 12.00
# Visual Studio Version 17
VisualStudioVersion = 17.7.34202.233
MinimumVisualStudioVersion = 10.0.40219.1
Project("{FAE04EC0-301F-11D3-BF4B-00C04F79EFBC}") = "exercicio05", "exercicio05\exercicio05.csproj", "{EEAB8AE6-DC9F-4B2A-982C-F71DD679E17B}"
EndProject
Global
	GlobalSection(SolutionConfigurationPlatforms) = preSolution
		Debug|Any CPU = Debug|Any CPU
		Release|Any CPU = Release|Any CPU
	EndGlobalSection
	GlobalSection(ProjectConfigurationPlatforms) = postSolution
		{EEAB8AE6-DC9F-4B2A-982C-F71DD679E17B}.Debug|Any CPU.ActiveCfg = Debug|Any CPU
		{EEAB8AE6-DC9F-4B2A-982C-F71DD679E17B}.Debug|Any CPU.Build.0 = Debug|Any CPU
		{EEAB8AE6-DC9F-4B2A-982C-F71DD679E17B}.Release|Any CPU.ActiveCfg = Release|Any CPU
		{EEAB8AE6-DC9F-4B2A-982C-F71DD679E17B}.Release|Any CPU.Build.0 = Release|Any CPU
	EndGlobalSection
	GlobalSection(SolutionProperties) = preSolution
		HideSolutionNode = FALSE
	EndGlobalSection
	GlobalSection(ExtensibilityGlobals) = postSolution
		SolutionGuid = {4E0F7FAD-4CDD-4006-B233-D456F6C1683C}
	EndGlobalSection
EndGlobal
