
Microsoft Visual Studio Solution File, Format Version 12.00
# Visual Studio Version 17
VisualStudioVersion = 17.7.34202.233
MinimumVisualStudioVersion = 10.0.40219.1
Project("{FAE04EC0-301F-11D3-BF4B-00C04F79EFBC}") = "exercicio06", "exercicio06\exercicio06.csproj", "{BDDC51A8-3E24-4E0F-97AC-16E156E8A3CD}"
EndProject
Global
	GlobalSection(SolutionConfigurationPlatforms) = preSolution
		Debug|Any CPU = Debug|Any CPU
		Release|Any CPU = Release|Any CPU
	EndGlobalSection
	GlobalSection(ProjectConfigurationPlatforms) = postSolution
		{BDDC51A8-3E24-4E0F-97AC-16E156E8A3CD}.Debug|Any CPU.ActiveCfg = Debug|Any CPU
		{BDDC51A8-3E24-4E0F-97AC-16E156E8A3CD}.Debug|Any CPU.Build.0 = Debug|Any CPU
		{BDDC51A8-3E24-4E0F-97AC-16E156E8A3CD}.Release|Any CPU.ActiveCfg = Release|Any CPU
		{BDDC51A8-3E24-4E0F-97AC-16E156E8A3CD}.Release|Any CPU.Build.0 = Release|Any CPU
	EndGlobalSection
	GlobalSection(SolutionProperties) = preSolution
		HideSolutionNode = FALSE
	EndGlobalSection
	GlobalSection(ExtensibilityGlobals) = postSolution
		SolutionGuid = {AB335645-FD6C-436B-AE39-4F064952754E}
	EndGlobalSection
EndGlobal
