
Microsoft Visual Studio Solution File, Format Version 12.00
# Visual Studio Version 17
VisualStudioVersion = 17.7.34202.233
MinimumVisualStudioVersion = 10.0.40219.1
Project("{FAE04EC0-301F-11D3-BF4B-00C04F79EFBC}") = "exercicio02", "exercicio02\exercicio02.csproj", "{3BDEE634-F0AE-40BE-8A3E-A15316AC32D5}"
EndProject
Global
	GlobalSection(SolutionConfigurationPlatforms) = preSolution
		Debug|Any CPU = Debug|Any CPU
		Release|Any CPU = Release|Any CPU
	EndGlobalSection
	GlobalSection(ProjectConfigurationPlatforms) = postSolution
		{3BDEE634-F0AE-40BE-8A3E-A15316AC32D5}.Debug|Any CPU.ActiveCfg = Debug|Any CPU
		{3BDEE634-F0AE-40BE-8A3E-A15316AC32D5}.Debug|Any CPU.Build.0 = Debug|Any CPU
		{3BDEE634-F0AE-40BE-8A3E-A15316AC32D5}.Release|Any CPU.ActiveCfg = Release|Any CPU
		{3BDEE634-F0AE-40BE-8A3E-A15316AC32D5}.Release|Any CPU.Build.0 = Release|Any CPU
	EndGlobalSection
	GlobalSection(SolutionProperties) = preSolution
		HideSolutionNode = FALSE
	EndGlobalSection
	GlobalSection(ExtensibilityGlobals) = postSolution
		SolutionGuid = {AC5E2A17-7772-4FCE-8237-12A95CC291C5}
	EndGlobalSection
EndGlobal
